// !$*UTF8*$!
{
	archiveVersion = 1;
	classes = {
	};
	objectVersion = 46;
	objects = {

/* Begin PBXBuildFile section */
		2C02518E1DDBA39000F9FD96 /* AppDelegate.swift in Sources */ = {isa = PBXBuildFile; fileRef = 2C02518D1DDBA39000F9FD96 /* AppDelegate.swift */; };
		2C0251901DDBA39000F9FD96 /* ViewController.swift in Sources */ = {isa = PBXBuildFile; fileRef = 2C02518F1DDBA39000F9FD96 /* ViewController.swift */; };
		2C0251931DDBA39000F9FD96 /* Main.storyboard in Resources */ = {isa = PBXBuildFile; fileRef = 2C0251911DDBA39000F9FD96 /* Main.storyboard */; };
		2C0251951DDBA39000F9FD96 /* Assets.xcassets in Resources */ = {isa = PBXBuildFile; fileRef = 2C0251941DDBA39000F9FD96 /* Assets.xcassets */; };
		2C0251981DDBA39000F9FD96 /* LaunchScreen.storyboard in Resources */ = {isa = PBXBuildFile; fileRef = 2C0251961DDBA39000F9FD96 /* LaunchScreen.storyboard */; };
		2C0251A31DDBA39000F9FD96 /* TestAppTests.swift in Sources */ = {isa = PBXBuildFile; fileRef = 2C0251A21DDBA39000F9FD96 /* TestAppTests.swift */; };
		2C0251AE1DDBA39000F9FD96 /* TestAppUITests.swift in Sources */ = {isa = PBXBuildFile; fileRef = 2C0251AD1DDBA39000F9FD96 /* TestAppUITests.swift */; };
		2C0251C21DDBA3A700F9FD96 /* NotificationCenter.framework in Frameworks */ = {isa = PBXBuildFile; fileRef = 2C0251C11DDBA3A700F9FD96 /* NotificationCenter.framework */; };
		2C0251C51DDBA3A700F9FD96 /* TodayViewController.swift in Sources */ = {isa = PBXBuildFile; fileRef = 2C0251C41DDBA3A700F9FD96 /* TodayViewController.swift */; };
		2C0251C81DDBA3A700F9FD96 /* MainInterface.storyboard in Resources */ = {isa = PBXBuildFile; fileRef = 2C0251C61DDBA3A700F9FD96 /* MainInterface.storyboard */; };
		2C0251CC1DDBA3A700F9FD96 /* TestTodayExtension.appex in Embed App Extensions */ = {isa = PBXBuildFile; fileRef = 2C0251BF1DDBA3A700F9FD96 /* TestTodayExtension.appex */; settings = {ATTRIBUTES = (RemoveHeadersOnCopy, ); }; };
/* End PBXBuildFile section */

/* Begin PBXContainerItemProxy section */
		2C02519F1DDBA39000F9FD96 /* PBXContainerItemProxy */ = {
			isa = PBXContainerItemProxy;
			containerPortal = 2C0251821DDBA39000F9FD96 /* Project object */;
			proxyType = 1;
			remoteGlobalIDString = 2C0251891DDBA39000F9FD96;
			remoteInfo = TestApp;
		};
		2C0251AA1DDBA39000F9FD96 /* PBXContainerItemProxy */ = {
			isa = PBXContainerItemProxy;
			containerPortal = 2C0251821DDBA39000F9FD96 /* Project object */;
			proxyType = 1;
			remoteGlobalIDString = 2C0251891DDBA39000F9FD96;
			remoteInfo = TestApp;
		};
		2C0251CA1DDBA3A700F9FD96 /* PBXContainerItemProxy */ = {
			isa = PBXContainerItemProxy;
			containerPortal = 2C0251821DDBA39000F9FD96 /* Project object */;
			proxyType = 1;
			remoteGlobalIDString = 2C0251BE1DDBA3A700F9FD96;
			remoteInfo = TestTodayExtension;
		};
/* End PBXContainerItemProxy section */

/* Begin PBXCopyFilesBuildPhase section */
		2C0251D01DDBA3A700F9FD96 /* Embed App Extensions */ = {
			isa = PBXCopyFilesBuildPhase;
			buildActionMask = 2147483647;
			dstPath = "";
			dstSubfolderSpec = 13;
			files = (
				2C0251CC1DDBA3A700F9FD96 /* TestTodayExtension.appex in Embed App Extensions */,
			);
			name = "Embed App Extensions";
			runOnlyForDeploymentPostprocessing = 0;
		};
/* End PBXCopyFilesBuildPhase section */

/* Begin PBXFileReference section */
		2C02518A1DDBA39000F9FD96 /* TestApp.app */ = {isa = PBXFileReference; explicitFileType = wrapper.application; includeInIndex = 0; path = TestApp.app; sourceTree = BUILT_PRODUCTS_DIR; };
		2C02518D1DDBA39000F9FD96 /* AppDelegate.swift */ = {isa = PBXFileReference; lastKnownFileType = sourcecode.swift; path = AppDelegate.swift; sourceTree = "<group>"; };
		2C02518F1DDBA39000F9FD96 /* ViewController.swift */ = {isa = PBXFileReference; lastKnownFileType = sourcecode.swift; path = ViewController.swift; sourceTree = "<group>"; };
		2C0251921DDBA39000F9FD96 /* Base */ = {isa = PBXFileReference; lastKnownFileType = file.storyboard; name = Base; path = Base.lproj/Main.storyboard; sourceTree = "<group>"; };
		2C0251941DDBA39000F9FD96 /* Assets.xcassets */ = {isa = PBXFileReference; lastKnownFileType = folder.assetcatalog; path = Assets.xcassets; sourceTree = "<group>"; };
		2C0251971DDBA39000F9FD96 /* Base */ = {isa = PBXFileReference; lastKnownFileType = file.storyboard; name = Base; path = Base.lproj/LaunchScreen.storyboard; sourceTree = "<group>"; };
		2C0251991DDBA39000F9FD96 /* Info.plist */ = {isa = PBXFileReference; lastKnownFileType = text.plist.xml; path = Info.plist; sourceTree = "<group>"; };
		2C02519E1DDBA39000F9FD96 /* TestAppTests.xctest */ = {isa = PBXFileReference; explicitFileType = wrapper.cfbundle; includeInIndex = 0; path = TestAppTests.xctest; sourceTree = BUILT_PRODUCTS_DIR; };
		2C0251A21DDBA39000F9FD96 /* TestAppTests.swift */ = {isa = PBXFileReference; lastKnownFileType = sourcecode.swift; path = TestAppTests.swift; sourceTree = "<group>"; };
		2C0251A41DDBA39000F9FD96 /* Info.plist */ = {isa = PBXFileReference; lastKnownFileType = text.plist.xml; path = Info.plist; sourceTree = "<group>"; };
		2C0251A91DDBA39000F9FD96 /* TestAppUITests.xctest */ = {isa = PBXFileReference; explicitFileType = wrapper.cfbundle; includeInIndex = 0; path = TestAppUITests.xctest; sourceTree = BUILT_PRODUCTS_DIR; };
		2C0251AD1DDBA39000F9FD96 /* TestAppUITests.swift */ = {isa = PBXFileReference; lastKnownFileType = sourcecode.swift; path = TestAppUITests.swift; sourceTree = "<group>"; };
		2C0251AF1DDBA39000F9FD96 /* Info.plist */ = {isa = PBXFileReference; lastKnownFileType = text.plist.xml; path = Info.plist; sourceTree = "<group>"; };
		2C0251BF1DDBA3A700F9FD96 /* TestTodayExtension.appex */ = {isa = PBXFileReference; explicitFileType = "wrapper.app-extension"; includeInIndex = 0; path = TestTodayExtension.appex; sourceTree = BUILT_PRODUCTS_DIR; };
		2C0251C11DDBA3A700F9FD96 /* NotificationCenter.framework */ = {isa = PBXFileReference; lastKnownFileType = wrapper.framework; name = NotificationCenter.framework; path = System/Library/Frameworks/NotificationCenter.framework; sourceTree = SDKROOT; };
		2C0251C41DDBA3A700F9FD96 /* TodayViewController.swift */ = {isa = PBXFileReference; lastKnownFileType = sourcecode.swift; path = TodayViewController.swift; sourceTree = "<group>"; };
		2C0251C71DDBA3A700F9FD96 /* Base */ = {isa = PBXFileReference; lastKnownFileType = file.storyboard; name = Base; path = Base.lproj/MainInterface.storyboard; sourceTree = "<group>"; };
		2C0251C91DDBA3A700F9FD96 /* Info.plist */ = {isa = PBXFileReference; lastKnownFileType = text.plist.xml; path = Info.plist; sourceTree = "<group>"; };
		2C0251D11DDBC1B700F9FD96 /* TestApp.entitlements */ = {isa = PBXFileReference; lastKnownFileType = text.plist.entitlements; path = TestApp.entitlements; sourceTree = "<group>"; };
/* End PBXFileReference section */

/* Begin PBXFrameworksBuildPhase section */
		2C0251871DDBA39000F9FD96 /* Frameworks */ = {
			isa = PBXFrameworksBuildPhase;
			buildActionMask = 2147483647;
			files = (
			);
			runOnlyForDeploymentPostprocessing = 0;
		};
		2C02519B1DDBA39000F9FD96 /* Frameworks */ = {
			isa = PBXFrameworksBuildPhase;
			buildActionMask = 2147483647;
			files = (
			);
			runOnlyForDeploymentPostprocessing = 0;
		};
		2C0251A61DDBA39000F9FD96 /* Frameworks */ = {
			isa = PBXFrameworksBuildPhase;
			buildActionMask = 2147483647;
			files = (
			);
			runOnlyForDeploymentPostprocessing = 0;
		};
		2C0251BC1DDBA3A700F9FD96 /* Frameworks */ = {
			isa = PBXFrameworksBuildPhase;
			buildActionMask = 2147483647;
			files = (
				2C0251C21DDBA3A700F9FD96 /* NotificationCenter.framework in Frameworks */,
			);
			runOnlyForDeploymentPostprocessing = 0;
		};
/* End PBXFrameworksBuildPhase section */

/* Begin PBXGroup section */
		2C0251811DDBA39000F9FD96 = {
			isa = PBXGroup;
			children = (
				2C02518C1DDBA39000F9FD96 /* TestApp */,
				2C0251A11DDBA39000F9FD96 /* TestAppTests */,
				2C0251AC1DDBA39000F9FD96 /* TestAppUITests */,
				2C0251C31DDBA3A700F9FD96 /* TestTodayExtension */,
				2C0251C01DDBA3A700F9FD96 /* Frameworks */,
				2C02518B1DDBA39000F9FD96 /* Products */,
			);
			sourceTree = "<group>";
		};
		2C02518B1DDBA39000F9FD96 /* Products */ = {
			isa = PBXGroup;
			children = (
				2C02518A1DDBA39000F9FD96 /* TestApp.app */,
				2C02519E1DDBA39000F9FD96 /* TestAppTests.xctest */,
				2C0251A91DDBA39000F9FD96 /* TestAppUITests.xctest */,
				2C0251BF1DDBA3A700F9FD96 /* TestTodayExtension.appex */,
			);
			name = Products;
			sourceTree = "<group>";
		};
		2C02518C1DDBA39000F9FD96 /* TestApp */ = {
			isa = PBXGroup;
			children = (
				2C0251D11DDBC1B700F9FD96 /* TestApp.entitlements */,
				2C02518D1DDBA39000F9FD96 /* AppDelegate.swift */,
				2C02518F1DDBA39000F9FD96 /* ViewController.swift */,
				2C0251911DDBA39000F9FD96 /* Main.storyboard */,
				2C0251941DDBA39000F9FD96 /* Assets.xcassets */,
				2C0251961DDBA39000F9FD96 /* LaunchScreen.storyboard */,
				2C0251991DDBA39000F9FD96 /* Info.plist */,
			);
			path = TestApp;
			sourceTree = "<group>";
		};
		2C0251A11DDBA39000F9FD96 /* TestAppTests */ = {
			isa = PBXGroup;
			children = (
				2C0251A21DDBA39000F9FD96 /* TestAppTests.swift */,
				2C0251A41DDBA39000F9FD96 /* Info.plist */,
			);
			path = TestAppTests;
			sourceTree = "<group>";
		};
		2C0251AC1DDBA39000F9FD96 /* TestAppUITests */ = {
			isa = PBXGroup;
			children = (
				2C0251AD1DDBA39000F9FD96 /* TestAppUITests.swift */,
				2C0251AF1DDBA39000F9FD96 /* Info.plist */,
			);
			path = TestAppUITests;
			sourceTree = "<group>";
		};
		2C0251C01DDBA3A700F9FD96 /* Frameworks */ = {
			isa = PBXGroup;
			children = (
				2C0251C11DDBA3A700F9FD96 /* NotificationCenter.framework */,
			);
			name = Frameworks;
			sourceTree = "<group>";
		};
		2C0251C31DDBA3A700F9FD96 /* TestTodayExtension */ = {
			isa = PBXGroup;
			children = (
				2C0251C41DDBA3A700F9FD96 /* TodayViewController.swift */,
				2C0251C61DDBA3A700F9FD96 /* MainInterface.storyboard */,
				2C0251C91DDBA3A700F9FD96 /* Info.plist */,
			);
			path = TestTodayExtension;
			sourceTree = "<group>";
		};
/* End PBXGroup section */

/* Begin PBXNativeTarget section */
		2C0251891DDBA39000F9FD96 /* TestApp */ = {
			isa = PBXNativeTarget;
			buildConfigurationList = 2C0251B21DDBA39000F9FD96 /* Build configuration list for PBXNativeTarget "TestApp" */;
			buildPhases = (
				2C0251861DDBA39000F9FD96 /* Sources */,
				2C0251871DDBA39000F9FD96 /* Frameworks */,
				2C0251881DDBA39000F9FD96 /* Resources */,
				2C0251D01DDBA3A700F9FD96 /* Embed App Extensions */,
			);
			buildRules = (
			);
			dependencies = (
				2C0251CB1DDBA3A700F9FD96 /* PBXTargetDependency */,
			);
			name = TestApp;
			productName = TestApp;
			productReference = 2C02518A1DDBA39000F9FD96 /* TestApp.app */;
			productType = "com.apple.product-type.application";
		};
		2C02519D1DDBA39000F9FD96 /* TestAppTests */ = {
			isa = PBXNativeTarget;
			buildConfigurationList = 2C0251B51DDBA39000F9FD96 /* Build configuration list for PBXNativeTarget "TestAppTests" */;
			buildPhases = (
				2C02519A1DDBA39000F9FD96 /* Sources */,
				2C02519B1DDBA39000F9FD96 /* Frameworks */,
				2C02519C1DDBA39000F9FD96 /* Resources */,
			);
			buildRules = (
			);
			dependencies = (
				2C0251A01DDBA39000F9FD96 /* PBXTargetDependency */,
			);
			name = TestAppTests;
			productName = TestAppTests;
			productReference = 2C02519E1DDBA39000F9FD96 /* TestAppTests.xctest */;
			productType = "com.apple.product-type.bundle.unit-test";
		};
		2C0251A81DDBA39000F9FD96 /* TestAppUITests */ = {
			isa = PBXNativeTarget;
			buildConfigurationList = 2C0251B81DDBA39000F9FD96 /* Build configuration list for PBXNativeTarget "TestAppUITests" */;
			buildPhases = (
				2C0251A51DDBA39000F9FD96 /* Sources */,
				2C0251A61DDBA39000F9FD96 /* Frameworks */,
				2C0251A71DDBA39000F9FD96 /* Resources */,
			);
			buildRules = (
			);
			dependencies = (
				2C0251AB1DDBA39000F9FD96 /* PBXTargetDependency */,
			);
			name = TestAppUITests;
			productName = TestAppUITests;
			productReference = 2C0251A91DDBA39000F9FD96 /* TestAppUITests.xctest */;
			productType = "com.apple.product-type.bundle.ui-testing";
		};
		2C0251BE1DDBA3A700F9FD96 /* TestTodayExtension */ = {
			isa = PBXNativeTarget;
			buildConfigurationList = 2C0251CD1DDBA3A700F9FD96 /* Build configuration list for PBXNativeTarget "TestTodayExtension" */;
			buildPhases = (
				2C0251BB1DDBA3A700F9FD96 /* Sources */,
				2C0251BC1DDBA3A700F9FD96 /* Frameworks */,
				2C0251BD1DDBA3A700F9FD96 /* Resources */,
			);
			buildRules = (
			);
			dependencies = (
			);
			name = TestTodayExtension;
			productName = TestTodayExtension;
			productReference = 2C0251BF1DDBA3A700F9FD96 /* TestTodayExtension.appex */;
			productType = "com.apple.product-type.app-extension";
		};
/* End PBXNativeTarget section */

/* Begin PBXProject section */
		2C0251821DDBA39000F9FD96 /* Project object */ = {
			isa = PBXProject;
			attributes = {
				LastSwiftUpdateCheck = 0810;
				LastUpgradeCheck = 0810;
				ORGANIZATIONNAME = "Aleksandar Atanackovic";
				TargetAttributes = {
					2C0251891DDBA39000F9FD96 = {
						CreatedOnToolsVersion = 8.1;
						DevelopmentTeam = F8CWW9H87A;
						ProvisioningStyle = Automatic;
						SystemCapabilities = {
							com.apple.ApplicationGroups.iOS = {
								enabled = 1;
							};
						};
					};
					2C02519D1DDBA39000F9FD96 = {
						CreatedOnToolsVersion = 8.1;
						DevelopmentTeam = 8C7UB6232B;
						ProvisioningStyle = Automatic;
						TestTargetID = 2C0251891DDBA39000F9FD96;
					};
					2C0251A81DDBA39000F9FD96 = {
						CreatedOnToolsVersion = 8.1;
						DevelopmentTeam = 8C7UB6232B;
						ProvisioningStyle = Automatic;
						TestTargetID = 2C0251891DDBA39000F9FD96;
					};
					2C0251BE1DDBA3A700F9FD96 = {
						CreatedOnToolsVersion = 8.1;
						DevelopmentTeam = F8CWW9H87A;
						ProvisioningStyle = Automatic;
					};
				};
			};
			buildConfigurationList = 2C0251851DDBA39000F9FD96 /* Build configuration list for PBXProject "TestApp" */;
			compatibilityVersion = "Xcode 3.2";
			developmentRegion = English;
			hasScannedForEncodings = 0;
			knownRegions = (
				en,
				Base,
			);
			mainGroup = 2C0251811DDBA39000F9FD96;
			productRefGroup = 2C02518B1DDBA39000F9FD96 /* Products */;
			projectDirPath = "";
			projectRoot = "";
			targets = (
				2C0251891DDBA39000F9FD96 /* TestApp */,
				2C02519D1DDBA39000F9FD96 /* TestAppTests */,
				2C0251A81DDBA39000F9FD96 /* TestAppUITests */,
				2C0251BE1DDBA3A700F9FD96 /* TestTodayExtension */,
			);
		};
/* End PBXProject section */

/* Begin PBXResourcesBuildPhase section */
		2C0251881DDBA39000F9FD96 /* Resources */ = {
			isa = PBXResourcesBuildPhase;
			buildActionMask = 2147483647;
			files = (
				2C0251981DDBA39000F9FD96 /* LaunchScreen.storyboard in Resources */,
				2C0251951DDBA39000F9FD96 /* Assets.xcassets in Resources */,
				2C0251931DDBA39000F9FD96 /* Main.storyboard in Resources */,
			);
			runOnlyForDeploymentPostprocessing = 0;
		};
		2C02519C1DDBA39000F9FD96 /* Resources */ = {
			isa = PBXResourcesBuildPhase;
			buildActionMask = 2147483647;
			files = (
			);
			runOnlyForDeploymentPostprocessing = 0;
		};
		2C0251A71DDBA39000F9FD96 /* Resources */ = {
			isa = PBXResourcesBuildPhase;
			buildActionMask = 2147483647;
			files = (
			);
			runOnlyForDeploymentPostprocessing = 0;
		};
		2C0251BD1DDBA3A700F9FD96 /* Resources */ = {
			isa = PBXResourcesBuildPhase;
			buildActionMask = 2147483647;
			files = (
				2C0251C81DDBA3A700F9FD96 /* MainInterface.storyboard in Resources */,
			);
			runOnlyForDeploymentPostprocessing = 0;
		};
/* End PBXResourcesBuildPhase section */

/* Begin PBXSourcesBuildPhase section */
		2C0251861DDBA39000F9FD96 /* Sources */ = {
			isa = PBXSourcesBuildPhase;
			buildActionMask = 2147483647;
			files = (
				2C0251901DDBA39000F9FD96 /* ViewController.swift in Sources */,
				2C02518E1DDBA39000F9FD96 /* AppDelegate.swift in Sources */,
			);
			runOnlyForDeploymentPostprocessing = 0;
		};
		2C02519A1DDBA39000F9FD96 /* Sources */ = {
			isa = PBXSourcesBuildPhase;
			buildActionMask = 2147483647;
			files = (
				2C0251A31DDBA39000F9FD96 /* TestAppTests.swift in Sources */,
			);
			runOnlyForDeploymentPostprocessing = 0;
		};
		2C0251A51DDBA39000F9FD96 /* Sources */ = {
			isa = PBXSourcesBuildPhase;
			buildActionMask = 2147483647;
			files = (
				2C0251AE1DDBA39000F9FD96 /* TestAppUITests.swift in Sources */,
			);
			runOnlyForDeploymentPostprocessing = 0;
		};
		2C0251BB1DDBA3A700F9FD96 /* Sources */ = {
			isa = PBXSourcesBuildPhase;
			buildActionMask = 2147483647;
			files = (
				2C0251C51DDBA3A700F9FD96 /* TodayViewController.swift in Sources */,
			);
			runOnlyForDeploymentPostprocessing = 0;
		};
/* End PBXSourcesBuildPhase section */

/* Begin PBXTargetDependency section */
		2C0251A01DDBA39000F9FD96 /* PBXTargetDependency */ = {
			isa = PBXTargetDependency;
			target = 2C0251891DDBA39000F9FD96 /* TestApp */;
			targetProxy = 2C02519F1DDBA39000F9FD96 /* PBXContainerItemProxy */;
		};
		2C0251AB1DDBA39000F9FD96 /* PBXTargetDependency */ = {
			isa = PBXTargetDependency;
			target = 2C0251891DDBA39000F9FD96 /* TestApp */;
			targetProxy = 2C0251AA1DDBA39000F9FD96 /* PBXContainerItemProxy */;
		};
		2C0251CB1DDBA3A700F9FD96 /* PBXTargetDependency */ = {
			isa = PBXTargetDependency;
			target = 2C0251BE1DDBA3A700F9FD96 /* TestTodayExtension */;
			targetProxy = 2C0251CA1DDBA3A700F9FD96 /* PBXContainerItemProxy */;
		};
/* End PBXTargetDependency section */

/* Begin PBXVariantGroup section */
		2C0251911DDBA39000F9FD96 /* Main.storyboard */ = {
			isa = PBXVariantGroup;
			children = (
				2C0251921DDBA39000F9FD96 /* Base */,
			);
			name = Main.storyboard;
			sourceTree = "<group>";
		};
		2C0251961DDBA39000F9FD96 /* LaunchScreen.storyboard */ = {
			isa = PBXVariantGroup;
			children = (
				2C0251971DDBA39000F9FD96 /* Base */,
			);
			name = LaunchScreen.storyboard;
			sourceTree = "<group>";
		};
		2C0251C61DDBA3A700F9FD96 /* MainInterface.storyboard */ = {
			isa = PBXVariantGroup;
			children = (
				2C0251C71DDBA3A700F9FD96 /* Base */,
			);
			name = MainInterface.storyboard;
			sourceTree = "<group>";
		};
/* End PBXVariantGroup section */

/* Begin XCBuildConfiguration section */
		2C0251B01DDBA39000F9FD96 /* Debug */ = {
			isa = XCBuildConfiguration;
			buildSettings = {
				ALWAYS_SEARCH_USER_PATHS = NO;
				CLANG_ANALYZER_NONNULL = YES;
				CLANG_CXX_LANGUAGE_STANDARD = "gnu++0x";
				CLANG_CXX_LIBRARY = "libc++";
				CLANG_ENABLE_MODULES = YES;
				CLANG_ENABLE_OBJC_ARC = YES;
				CLANG_WARN_BOOL_CONVERSION = YES;
				CLANG_WARN_CONSTANT_CONVERSION = YES;
				CLANG_WARN_DIRECT_OBJC_ISA_USAGE = YES_ERROR;
				CLANG_WARN_DOCUMENTATION_COMMENTS = YES;
				CLANG_WARN_EMPTY_BODY = YES;
				CLANG_WARN_ENUM_CONVERSION = YES;
				CLANG_WARN_INFINITE_RECURSION = YES;
				CLANG_WARN_INT_CONVERSION = YES;
				CLANG_WARN_OBJC_ROOT_CLASS = YES_ERROR;
				CLANG_WARN_SUSPICIOUS_MOVES = YES;
				CLANG_WARN_UNREACHABLE_CODE = YES;
				CLANG_WARN__DUPLICATE_METHOD_MATCH = YES;
				"CODE_SIGN_IDENTITY[sdk=iphoneos*]" = "iPhone Developer";
				COPY_PHASE_STRIP = NO;
				DEBUG_INFORMATION_FORMAT = dwarf;
				ENABLE_STRICT_OBJC_MSGSEND = YES;
				ENABLE_TESTABILITY = YES;
				GCC_C_LANGUAGE_STANDARD = gnu99;
				GCC_DYNAMIC_NO_PIC = NO;
				GCC_NO_COMMON_BLOCKS = YES;
				GCC_OPTIMIZATION_LEVEL = 0;
				GCC_PREPROCESSOR_DEFINITIONS = (
					"DEBUG=1",
					"$(inherited)",
				);
				GCC_WARN_64_TO_32_BIT_CONVERSION = YES;
				GCC_WARN_ABOUT_RETURN_TYPE = YES_ERROR;
				GCC_WARN_UNDECLARED_SELECTOR = YES;
				GCC_WARN_UNINITIALIZED_AUTOS = YES_AGGRESSIVE;
				GCC_WARN_UNUSED_FUNCTION = YES;
				GCC_WARN_UNUSED_VARIABLE = YES;
				IPHONEOS_DEPLOYMENT_TARGET = 10.1;
				MTL_ENABLE_DEBUG_INFO = YES;
				ONLY_ACTIVE_ARCH = YES;
				SDKROOT = iphoneos;
				SWIFT_ACTIVE_COMPILATION_CONDITIONS = DEBUG;
				SWIFT_OPTIMIZATION_LEVEL = "-Onone";
			};
			name = Debug;
		};
		2C0251B11DDBA39000F9FD96 /* Release */ = {
			isa = XCBuildConfiguration;
			buildSettings = {
				ALWAYS_SEARCH_USER_PATHS = NO;
				CLANG_ANALYZER_NONNULL = YES;
				CLANG_CXX_LANGUAGE_STANDARD = "gnu++0x";
				CLANG_CXX_LIBRARY = "libc++";
				CLANG_ENABLE_MODULES = YES;
				CLANG_ENABLE_OBJC_ARC = YES;
				CLANG_WARN_BOOL_CONVERSION = YES;
				CLANG_WARN_CONSTANT_CONVERSION = YES;
				CLANG_WARN_DIRECT_OBJC_ISA_USAGE = YES_ERROR;
				CLANG_WARN_DOCUMENTATION_COMMENTS = YES;
				CLANG_WARN_EMPTY_BODY = YES;
				CLANG_WARN_ENUM_CONVERSION = YES;
				CLANG_WARN_INFINITE_RECURSION = YES;
				CLANG_WARN_INT_CONVERSION = YES;
				CLANG_WARN_OBJC_ROOT_CLASS = YES_ERROR;
				CLANG_WARN_SUSPICIOUS_MOVES = YES;
				CLANG_WARN_UNREACHABLE_CODE = YES;
				CLANG_WARN__DUPLICATE_METHOD_MATCH = YES;
				"CODE_SIGN_IDENTITY[sdk=iphoneos*]" = "iPhone Developer";
				COPY_PHASE_STRIP = NO;
				DEBUG_INFORMATION_FORMAT = "dwarf-with-dsym";
				ENABLE_NS_ASSERTIONS = NO;
				ENABLE_STRICT_OBJC_MSGSEND = YES;
				GCC_C_LANGUAGE_STANDARD = gnu99;
				GCC_NO_COMMON_BLOCKS = YES;
				GCC_WARN_64_TO_32_BIT_CONVERSION = YES;
				GCC_WARN_ABOUT_RETURN_TYPE = YES_ERROR;
				GCC_WARN_UNDECLARED_SELECTOR = YES;
				GCC_WARN_UNINITIALIZED_AUTOS = YES_AGGRESSIVE;
				GCC_WARN_UNUSED_FUNCTION = YES;
				GCC_WARN_UNUSED_VARIABLE = YES;
				IPHONEOS_DEPLOYMENT_TARGET = 10.1;
				MTL_ENABLE_DEBUG_INFO = NO;
				SDKROOT = iphoneos;
				SWIFT_OPTIMIZATION_LEVEL = "-Owholemodule";
				VALIDATE_PRODUCT = YES;
			};
			name = Release;
		};
		2C0251B31DDBA39000F9FD96 /* Debug */ = {
			isa = XCBuildConfiguration;
			buildSettings = {
				ALWAYS_EMBED_SWIFT_STANDARD_LIBRARIES = YES;
				ASSETCATALOG_COMPILER_APPICON_NAME = AppIcon;
				CODE_SIGN_ENTITLEMENTS = TestApp/TestApp.entitlements;
				DEVELOPMENT_TEAM = F8CWW9H87A;
				INFOPLIST_FILE = TestApp/Info.plist;
				LD_RUNPATH_SEARCH_PATHS = "$(inherited) @executable_path/Frameworks";
				PRODUCT_BUNDLE_IDENTIFIER = com.plavaTvornica.TestApp;
				PRODUCT_NAME = "$(TARGET_NAME)";
				SWIFT_VERSION = 3.0;
			};
			name = Debug;
		};
		2C0251B41DDBA39000F9FD96 /* Release */ = {
			isa = XCBuildConfiguration;
			buildSettings = {
				ALWAYS_EMBED_SWIFT_STANDARD_LIBRARIES = YES;
				ASSETCATALOG_COMPILER_APPICON_NAME = AppIcon;
				CODE_SIGN_ENTITLEMENTS = TestApp/TestApp.entitlements;
				DEVELOPMENT_TEAM = F8CWW9H87A;
				INFOPLIST_FILE = TestApp/Info.plist;
				LD_RUNPATH_SEARCH_PATHS = "$(inherited) @executable_path/Frameworks";
				PRODUCT_BUNDLE_IDENTIFIER = com.plavaTvornica.TestApp;
				PRODUCT_NAME = "$(TARGET_NAME)";
				SWIFT_VERSION = 3.0;
			};
			name = Release;
		};
		2C0251B61DDBA39000F9FD96 /* Debug */ = {
			isa = XCBuildConfiguration;
			buildSettings = {
				ALWAYS_EMBED_SWIFT_STANDARD_LIBRARIES = YES;
				BUNDLE_LOADER = "$(TEST_HOST)";
				DEVELOPMENT_TEAM = 8C7UB6232B;
				INFOPLIST_FILE = TestAppTests/Info.plist;
				LD_RUNPATH_SEARCH_PATHS = "$(inherited) @executable_path/Frameworks @loader_path/Frameworks";
				PRODUCT_BUNDLE_IDENTIFIER = com.plavaTvornica.TestAppTests;
				PRODUCT_NAME = "$(TARGET_NAME)";
				SWIFT_VERSION = 3.0;
				TEST_HOST = "$(BUILT_PRODUCTS_DIR)/TestApp.app/TestApp";
			};
			name = Debug;
		};
		2C0251B71DDBA39000F9FD96 /* Release */ = {
			isa = XCBuildConfiguration;
			buildSettings = {
				ALWAYS_EMBED_SWIFT_STANDARD_LIBRARIES = YES;
				BUNDLE_LOADER = "$(TEST_HOST)";
				DEVELOPMENT_TEAM = 8C7UB6232B;
				INFOPLIST_FILE = TestAppTests/Info.plist;
				LD_RUNPATH_SEARCH_PATHS = "$(inherited) @executable_path/Frameworks @loader_path/Frameworks";
				PRODUCT_BUNDLE_IDENTIFIER = com.plavaTvornica.TestAppTests;
				PRODUCT_NAME = "$(TARGET_NAME)";
				SWIFT_VERSION = 3.0;
				TEST_HOST = "$(BUILT_PRODUCTS_DIR)/TestApp.app/TestApp";
			};
			name = Release;
		};
		2C0251B91DDBA39000F9FD96 /* Debug */ = {
			isa = XCBuildConfiguration;
			buildSettings = {
				ALWAYS_EMBED_SWIFT_STANDARD_LIBRARIES = YES;
				DEVELOPMENT_TEAM = 8C7UB6232B;
				INFOPLIST_FILE = TestAppUITests/Info.plist;
				LD_RUNPATH_SEARCH_PATHS = "$(inherited) @executable_path/Frameworks @loader_path/Frameworks";
				PRODUCT_BUNDLE_IDENTIFIER = com.plavaTvornica.TestAppUITests;
				PRODUCT_NAME = "$(TARGET_NAME)";
				SWIFT_VERSION = 3.0;
				TEST_TARGET_NAME = TestApp;
			};
			name = Debug;
		};
		2C0251BA1DDBA39000F9FD96 /* Release */ = {
			isa = XCBuildConfiguration;
			buildSettings = {
				ALWAYS_EMBED_SWIFT_STANDARD_LIBRARIES = YES;
				DEVELOPMENT_TEAM = 8C7UB6232B;
				INFOPLIST_FILE = TestAppUITests/Info.plist;
				LD_RUNPATH_SEARCH_PATHS = "$(inherited) @executable_path/Frameworks @loader_path/Frameworks";
				PRODUCT_BUNDLE_IDENTIFIER = com.plavaTvornica.TestAppUITests;
				PRODUCT_NAME = "$(TARGET_NAME)";
				SWIFT_VERSION = 3.0;
				TEST_TARGET_NAME = TestApp;
			};
			name = Release;
		};
		2C0251CE1DDBA3A700F9FD96 /* Debug */ = {
			isa = XCBuildConfiguration;
			buildSettings = {
				DEVELOPMENT_TEAM = F8CWW9H87A;
				INFOPLIST_FILE = TestTodayExtension/Info.plist;
				LD_RUNPATH_SEARCH_PATHS = "$(inherited) @executable_path/Frameworks @executable_path/../../Frameworks";
				PRODUCT_BUNDLE_IDENTIFIER = com.plavaTvornica.TestApp.TestTodayExtension;
				PRODUCT_NAME = "$(TARGET_NAME)";
				SKIP_INSTALL = YES;
				SWIFT_VERSION = 3.0;
			};
			name = Debug;
		};
		2C0251CF1DDBA3A700F9FD96 /* Release */ = {
			isa = XCBuildConfiguration;
			buildSettings = {
				DEVELOPMENT_TEAM = F8CWW9H87A;
				INFOPLIST_FILE = TestTodayExtension/Info.plist;
				LD_RUNPATH_SEARCH_PATHS = "$(inherited) @executable_path/Frameworks @executable_path/../../Frameworks";
				PRODUCT_BUNDLE_IDENTIFIER = com.plavaTvornica.TestApp.TestTodayExtension;
				PRODUCT_NAME = "$(TARGET_NAME)";
				SKIP_INSTALL = YES;
				SWIFT_VERSION = 3.0;
			};
			name = Release;
		};
/* End XCBuildConfiguration section */

/* Begin XCConfigurationList section */
		2C0251851DDBA39000F9FD96 /* Build configuration list for PBXProject "TestApp" */ = {
			isa = XCConfigurationList;
			buildConfigurations = (
				2C0251B01DDBA39000F9FD96 /* Debug */,
				2C0251B11DDBA39000F9FD96 /* Release */,
			);
			defaultConfigurationIsVisible = 0;
			defaultConfigurationName = Release;
		};
		2C0251B21DDBA39000F9FD96 /* Build configuration list for PBXNativeTarget "TestApp" */ = {
			isa = XCConfigurationList;
			buildConfigurations = (
				2C0251B31DDBA39000F9FD96 /* Debug */,
				2C0251B41DDBA39000F9FD96 /* Release */,
			);
			defaultConfigurationIsVisible = 0;
		};
		2C0251B51DDBA39000F9FD96 /* Build configuration list for PBXNativeTarget "TestAppTests" */ = {
			isa = XCConfigurationList;
			buildConfigurations = (
				2C0251B61DDBA39000F9FD96 /* Debug */,
				2C0251B71DDBA39000F9FD96 /* Release */,
			);
			defaultConfigurationIsVisible = 0;
		};
		2C0251B81DDBA39000F9FD96 /* Build configuration list for PBXNativeTarget "TestAppUITests" */ = {
			isa = XCConfigurationList;
			buildConfigurations = (
				2C0251B91DDBA39000F9FD96 /* Debug */,
				2C0251BA1DDBA39000F9FD96 /* Release */,
			);
			defaultConfigurationIsVisible = 0;
		};
		2C0251CD1DDBA3A700F9FD96 /* Build configuration list for PBXNativeTarget "TestTodayExtension" */ = {
			isa = XCConfigurationList;
			buildConfigurations = (
				2C0251CE1DDBA3A700F9FD96 /* Debug */,
				2C0251CF1DDBA3A700F9FD96 /* Release */,
			);
			defaultConfigurationIsVisible = 0;
		};
/* End XCConfigurationList section */
	};
	rootObject = 2C0251821DDBA39000F9FD96 /* Project object */;
}
